<?xml version="1.0" encoding="utf-8"?>
<Project ToolsVersion="4.0" xmlns="http://schemas.microsoft.com/developer/msbuild/2003">
  <ItemGroup>
    <Filter Include="GameFramework">
      <UniqueIdentifier>{cccde409-42c4-4245-8615-71c432ee4f8b}</UniqueIdentifier>
    </Filter>
    <Filter Include="MainGame">
      <UniqueIdentifier>{9c69a583-1983-4b33-912a-e558098cf29c}</UniqueIdentifier>
    </Filter>
    <Filter Include="MainGame\GameNode">
      <UniqueIdentifier>{8c4b8dd0-80cb-4dc5-bfed-01e6b65dba74}</UniqueIdentifier>
    </Filter>
    <Filter Include="WinMain">
      <UniqueIdentifier>{68b7cb8f-01ee-485e-8a9d-54f0e06f6040}</UniqueIdentifier>
    </Filter>
    <Filter Include="MainGame\Scene">
      <UniqueIdentifier>{c085af44-2c6f-4769-8527-9f6c78d87154}</UniqueIdentifier>
    </Filter>
    <Filter Include="MainGame\Object">
      <UniqueIdentifier>{14a62846-bef5-4aa8-857c-e2a552b1b555}</UniqueIdentifier>
    </Filter>
    <Filter Include="GameFramework\UI">
      <UniqueIdentifier>{81627875-f41d-4905-9b6e-109bf22c5d38}</UniqueIdentifier>
    </Filter>
    <Filter Include="GameFramework\UI\Component">
      <UniqueIdentifier>{99ba7e3f-baeb-47b0-ae8b-587fdda58dd9}</UniqueIdentifier>
    </Filter>
    <Filter Include="MainGame\Scene\Scenes">
      <UniqueIdentifier>{dd560185-2cfa-4d79-a5e8-d17b3340d2c8}</UniqueIdentifier>
    </Filter>
    <Filter Include="MainGame\MapTool">
      <UniqueIdentifier>{517ef4a1-afcf-4118-9ef3-a1da4ce29493}</UniqueIdentifier>
    </Filter>
    <Filter Include="MainGame\Object\Enemy">
      <UniqueIdentifier>{914fd17c-26f6-4abf-b188-d12b39a0b790}</UniqueIdentifier>
    </Filter>
    <Filter Include="GameFramework\Manager">
      <UniqueIdentifier>{db6058e2-83f6-4c0d-a233-34e042a4969a}</UniqueIdentifier>
    </Filter>
    <Filter Include="GameFramework\Util">
      <UniqueIdentifier>{82ed7401-0ae2-484e-9601-12b179f70e74}</UniqueIdentifier>
    </Filter>
    <Filter Include="GameFramework\Image">
      <UniqueIdentifier>{1e616e04-3329-41d7-b6ed-02b7d269f51f}</UniqueIdentifier>
    </Filter>
    <Filter Include="GameFramework\Progressbar">
      <UniqueIdentifier>{bc1fad6b-64c5-4477-8b5e-8fc16bc693dd}</UniqueIdentifier>
    </Filter>
    <Filter Include="MainGame\Etc">
      <UniqueIdentifier>{80fdcee8-ee6b-4f48-8e17-bfa6c6c2f148}</UniqueIdentifier>
    </Filter>
    <Filter Include="MainGame\Object\Etc">
      <UniqueIdentifier>{0fb2aa70-6fb3-4af5-9f3a-8ae112c893f9}</UniqueIdentifier>
    </Filter>
    <Filter Include="MainGame\Object\Enemy\Boss">
      <UniqueIdentifier>{f3993b41-f836-4cbb-a820-ae4f555d2958}</UniqueIdentifier>
    </Filter>
    <Filter Include="GameFramework\Effect">
      <UniqueIdentifier>{7af0614f-01d1-4ede-b108-8b3f0ac1db6a}</UniqueIdentifier>
    </Filter>
    <Filter Include="GameFramework\Particle">
      <UniqueIdentifier>{16fd2b55-2479-40a6-aa0d-6605b11bb468}</UniqueIdentifier>
    </Filter>
    <Filter Include="MainGame\Item">
      <UniqueIdentifier>{16b0e334-cd91-4090-a66a-601592388992}</UniqueIdentifier>
    </Filter>
    <Filter Include="MainGame\Item\Items">
      <UniqueIdentifier>{8255f9ee-6c1b-4a0e-b89b-f92bf7dfebcd}</UniqueIdentifier>
    </Filter>
    <Filter Include="MainGame\Item\Items\Weapon">
      <UniqueIdentifier>{f91e67e5-b9bf-447b-ab8a-6adf3a46e498}</UniqueIdentifier>
    </Filter>
    <Filter Include="MainGame\Item\Items\Weapon\Melee">
      <UniqueIdentifier>{ba7a914a-499f-40d4-88a4-471111f0220c}</UniqueIdentifier>
    </Filter>
    <Filter Include="MainGame\Item\Items\Weapon\Range">
      <UniqueIdentifier>{b3fa7407-9721-4212-8275-94ba34d34817}</UniqueIdentifier>
    </Filter>
    <Filter Include="MainGame\Item\Items\Accessory">
      <UniqueIdentifier>{5067d7d1-c817-4eee-9b98-8ab27f78db21}</UniqueIdentifier>
    </Filter>
    <Filter Include="MainGame\Object\NPC">
      <UniqueIdentifier>{1d504029-2af5-45ef-ab9a-3fe9438d1334}</UniqueIdentifier>
    </Filter>
    <Filter Include="MainGame\Object\NPC\NPCs">
      <UniqueIdentifier>{cff3bb23-612a-4565-bbc8-12cd65a0417a}</UniqueIdentifier>
    </Filter>
    <Filter Include="MainGame\Object\Etc\Drops">
      <UniqueIdentifier>{4cdd3c51-dc76-4bd2-a5ec-057ebb9ce0c6}</UniqueIdentifier>
    </Filter>
    <Filter Include="MainGame\Object\Obstacle">
      <UniqueIdentifier>{b3b1d8cb-9801-4187-8f4e-4af9c3ff11ff}</UniqueIdentifier>
    </Filter>
    <Filter Include="MainGame\Item\Items\Skill">
      <UniqueIdentifier>{38f5a3e3-f620-4ef6-bb53-e3fcd639c151}</UniqueIdentifier>
    </Filter>
  </ItemGroup>
  <ItemGroup>
    <ClCompile Include="winMain.cpp">
      <Filter>WinMain</Filter>
    </ClCompile>
    <ClCompile Include="stdafx.cpp">
      <Filter>WinMain</Filter>
    </ClCompile>
    <ClCompile Include="gameNode.cpp">
      <Filter>MainGame\GameNode</Filter>
    </ClCompile>
    <ClCompile Include="mainGame.cpp">
      <Filter>MainGame</Filter>
    </ClCompile>
    <ClCompile Include="random.cpp">
      <Filter>GameFramework\Util</Filter>
    </ClCompile>
    <ClCompile Include="image.cpp">
      <Filter>GameFramework\Image</Filter>
    </ClCompile>
    <ClCompile Include="imageManager.cpp">
      <Filter>GameFramework\Manager</Filter>
    </ClCompile>
    <ClCompile Include="util.cpp">
      <Filter>GameFramework\Util</Filter>
    </ClCompile>
    <ClCompile Include="sceneManager.cpp">
      <Filter>GameFramework\Manager</Filter>
    </ClCompile>
    <ClCompile Include="soundManager.cpp">
      <Filter>GameFramework\Manager</Filter>
    </ClCompile>
    <ClCompile Include="uibrushTool.cpp">
      <Filter>MainGame\MapTool</Filter>
    </ClCompile>
    <ClCompile Include="CSVManager.cpp">
      <Filter>GameFramework\Manager</Filter>
    </ClCompile>
    <ClCompile Include="MapTool.cpp">
      <Filter>MainGame\MapTool</Filter>
    </ClCompile>
    <ClCompile Include="Object.cpp">
      <Filter>MainGame\Object</Filter>
    </ClCompile>
    <ClCompile Include="Enemy.cpp">
      <Filter>MainGame\Object</Filter>
    </ClCompile>
    <ClCompile Include="Player.cpp">
      <Filter>MainGame\Object</Filter>
    </ClCompile>
    <ClCompile Include="MapObject.cpp">
      <Filter>MainGame\Object</Filter>
    </ClCompile>
    <ClCompile Include="UIFrame.cpp">
      <Filter>GameFramework\UI</Filter>
    </ClCompile>
    <ClCompile Include="UIImage.cpp">
      <Filter>GameFramework\UI\Component</Filter>
    </ClCompile>
    <ClCompile Include="UIScroll.cpp">
      <Filter>GameFramework\UI\Component</Filter>
    </ClCompile>
    <ClCompile Include="UIText.cpp">
      <Filter>GameFramework\UI\Component</Filter>
    </ClCompile>
    <ClCompile Include="progressBar.cpp">
      <Filter>GameFramework\Progressbar</Filter>
    </ClCompile>
    <ClCompile Include="UIManager.cpp">
      <Filter>GameFramework\Manager</Filter>
    </ClCompile>
    <ClCompile Include="CameraManager.cpp">
      <Filter>GameFramework\Manager</Filter>
    </ClCompile>
    <ClCompile Include="Obstacle.cpp">
      <Filter>MainGame\Object</Filter>
    </ClCompile>
    <ClCompile Include="DataManager.cpp">
      <Filter>GameFramework\Manager</Filter>
    </ClCompile>
    <ClCompile Include="loading.cpp">
      <Filter>GameFramework\Util</Filter>
    </ClCompile>
    <ClCompile Include="loadingScene.cpp">
      <Filter>MainGame\Scene\Scenes</Filter>
    </ClCompile>
    <ClCompile Include="startScene.cpp">
      <Filter>MainGame\Scene\Scenes</Filter>
    </ClCompile>
    <ClCompile Include="mapScene.cpp">
      <Filter>MainGame\Scene\Scenes</Filter>
    </ClCompile>
    <ClCompile Include="inputManager.cpp">
      <Filter>GameFramework\Manager</Filter>
    </ClCompile>
    <ClCompile Include="iniData.cpp">
      <Filter>GameFramework\Util</Filter>
    </ClCompile>
    <ClCompile Include="EntityManager.cpp">
      <Filter>GameFramework\Manager</Filter>
    </ClCompile>
    <ClCompile Include="Bullet.cpp">
      <Filter>MainGame\Object</Filter>
    </ClCompile>
    <ClCompile Include="RedBat.cpp">
      <Filter>MainGame\Object\Enemy</Filter>
    </ClCompile>
    <ClCompile Include="gameScene.cpp">
      <Filter>MainGame\Scene\Scenes</Filter>
    </ClCompile>
    <ClCompile Include="BigWhiteSkel.cpp">
      <Filter>MainGame\Object\Enemy</Filter>
    </ClCompile>
    <ClCompile Include="UIProgressBar.cpp">
      <Filter>GameFramework\UI\Component</Filter>
    </ClCompile>
    <ClCompile Include="Minotaurs.cpp">
      <Filter>MainGame\Object\Enemy</Filter>
    </ClCompile>
    <ClCompile Include="FieldMap.cpp">
      <Filter>MainGame\Etc</Filter>
    </ClCompile>
    <ClCompile Include="inventory.cpp">
      <Filter>MainGame\Etc</Filter>
    </ClCompile>
    <ClCompile Include="MapManager.cpp">
      <Filter>GameFramework\Manager</Filter>
    </ClCompile>
    <ClCompile Include="Door.cpp">
      <Filter>MainGame\Object\Etc</Filter>
    </ClCompile>
    <ClCompile Include="LittleGhost.cpp">
      <Filter>MainGame\Object\Enemy</Filter>
    </ClCompile>
    <ClCompile Include="Belial.cpp">
      <Filter>MainGame\Object\Enemy\Boss</Filter>
    </ClCompile>
    <ClCompile Include="MonsterSpawner.cpp">
      <Filter>MainGame\Object\Etc</Filter>
    </ClCompile>
    <ClCompile Include="EffectManager.cpp">
      <Filter>GameFramework\Manager</Filter>
    </ClCompile>
    <ClCompile Include="Effect.cpp">
      <Filter>GameFramework\Effect</Filter>
    </ClCompile>
    <ClCompile Include="Stage.cpp">
      <Filter>MainGame\Etc</Filter>
    </ClCompile>
    <ClCompile Include="ParticleManager.cpp">
      <Filter>GameFramework\Manager</Filter>
    </ClCompile>
    <ClCompile Include="particle.cpp">
      <Filter>GameFramework\Particle</Filter>
    </ClCompile>
    <ClCompile Include="particleGenerator.cpp">
      <Filter>GameFramework\Particle</Filter>
    </ClCompile>
    <ClCompile Include="Banshee.cpp">
      <Filter>MainGame\Object\Enemy</Filter>
    </ClCompile>
    <ClCompile Include="SkelDog.cpp">
      <Filter>MainGame\Object\Enemy</Filter>
    </ClCompile>
    <ClCompile Include="Item.cpp">
      <Filter>MainGame\Item</Filter>
    </ClCompile>
    <ClCompile Include="Skill.cpp">
      <Filter>MainGame\Item</Filter>
    </ClCompile>
    <ClCompile Include="DemonSword.cpp">
      <Filter>MainGame\Item\Items\Weapon\Melee</Filter>
    </ClCompile>
    <ClCompile Include="Lilith.cpp">
      <Filter>MainGame\Object\Enemy</Filter>
    </ClCompile>
    <ClCompile Include="PurpleGiantBat.cpp">
      <Filter>MainGame\Object\Enemy</Filter>
    </ClCompile>
    <ClCompile Include="RedGiantBat.cpp">
      <Filter>MainGame\Object\Enemy</Filter>
    </ClCompile>
    <ClCompile Include="BowSkel.cpp">
      <Filter>MainGame\Object\Enemy</Filter>
    </ClCompile>
    <ClCompile Include="SwordSkel.cpp">
      <Filter>MainGame\Object\Enemy</Filter>
    </ClCompile>
    <ClCompile Include="cameraText.cpp">
      <Filter>GameFramework\Effect</Filter>
    </ClCompile>
    <ClCompile Include="NPC.cpp">
      <Filter>MainGame\Object\NPC</Filter>
    </ClCompile>
    <ClCompile Include="Shop.cpp">
      <Filter>MainGame\Object\NPC\NPCs</Filter>
    </ClCompile>
    <ClCompile Include="Restaurant.cpp">
      <Filter>MainGame\Object\NPC\NPCs</Filter>
    </ClCompile>
    <ClCompile Include="townNPCimage.cpp">
      <Filter>MainGame\Object\NPC\NPCs</Filter>
    </ClCompile>
    <ClCompile Include="Portal.cpp">
      <Filter>MainGame\Object\NPC\NPCs</Filter>
    </ClCompile>
    <ClCompile Include="Treasure.cpp">
      <Filter>MainGame\Object\NPC\NPCs</Filter>
    </ClCompile>
    <ClCompile Include="Colt.cpp">
      <Filter>MainGame\Item\Items\Weapon\Range</Filter>
    </ClCompile>
    <ClCompile Include="WormVillage.cpp">
      <Filter>MainGame\Object\Etc</Filter>
    </ClCompile>
    <ClCompile Include="StageDoor.cpp">
      <Filter>MainGame\Object\NPC\NPCs</Filter>
    </ClCompile>
    <ClCompile Include="StageChanger.cpp">
      <Filter>MainGame\Etc</Filter>
    </ClCompile>
    <ClCompile Include="Box.cpp">
      <Filter>MainGame\Object\Etc</Filter>
    </ClCompile>
    <ClCompile Include="BoxParticle.cpp">
      <Filter>MainGame\Object\Etc\Drops</Filter>
    </ClCompile>
    <ClCompile Include="Coin.cpp">
      <Filter>MainGame\Object\Etc\Drops</Filter>
    </ClCompile>
    <ClCompile Include="DropItem.cpp">
      <Filter>MainGame\Object\Etc\Drops</Filter>
    </ClCompile>
    <ClCompile Include="DropObjs.cpp">
      <Filter>MainGame\Object\Etc</Filter>
    </ClCompile>
    <ClCompile Include="HpPixie.cpp">
      <Filter>MainGame\Object\Etc\Drops</Filter>
    </ClCompile>
    <ClCompile Include="PixieSpawner.cpp">
      <Filter>MainGame\Object\Etc</Filter>
    </ClCompile>
    <ClCompile Include="TreasureSpawner.cpp">
      <Filter>MainGame\Object\Etc</Filter>
    </ClCompile>
    <ClCompile Include="FireBat.cpp">
      <Filter>MainGame\Object\Enemy</Filter>
    </ClCompile>
    <ClCompile Include="IceBat.cpp">
      <Filter>MainGame\Object\Enemy</Filter>
    </ClCompile>
    <ClCompile Include="BloodOfSrobeo.cpp">
      <Filter>MainGame\Item\Items\Accessory</Filter>
    </ClCompile>
    <ClCompile Include="BlessOfSage.cpp">
      <Filter>MainGame\Item\Items\Accessory</Filter>
    </ClCompile>
    <ClCompile Include="BelialDie.cpp">
      <Filter>MainGame\Object\Enemy\Boss</Filter>
    </ClCompile>
    <ClCompile Include="BasicShortSword.cpp">
      <Filter>MainGame\Item\Items\Weapon\Melee</Filter>
    </ClCompile>
    <ClCompile Include="Boutique.cpp">
      <Filter>MainGame\Object\NPC\NPCs</Filter>
    </ClCompile>
    <ClCompile Include="GunShop.cpp">
      <Filter>MainGame\Object\NPC\NPCs</Filter>
    </ClCompile>
    <ClCompile Include="Smith.cpp">
      <Filter>MainGame\Object\NPC\NPCs</Filter>
    </ClCompile>
    <ClCompile Include="Trainer.cpp">
      <Filter>MainGame\Object\NPC\NPCs</Filter>
    </ClCompile>
    <ClCompile Include="Gear.cpp">
      <Filter>MainGame\Object\Obstacle</Filter>
    </ClCompile>
    <ClCompile Include="Spike.cpp">
      <Filter>MainGame\Object\Obstacle</Filter>
    </ClCompile>
    <ClCompile Include="SaveLoadManager.cpp">
      <Filter>GameFramework\Manager</Filter>
    </ClCompile>
    <ClCompile Include="BombPouch.cpp">
      <Filter>MainGame\Item\Items\Accessory</Filter>
    </ClCompile>
    <ClCompile Include="BambooSword.cpp">
      <Filter>MainGame\Item\Items\Weapon\Melee</Filter>
    </ClCompile>
    <ClCompile Include="Katana.cpp">
      <Filter>MainGame\Item\Items\Weapon\Melee</Filter>
    </ClCompile>
    <ClCompile Include="Shamshir.cpp">
      <Filter>MainGame\Item\Items\Weapon\Melee</Filter>
    </ClCompile>
    <ClCompile Include="Saber.cpp">
      <Filter>MainGame\Item\Items\Weapon\Melee</Filter>
    </ClCompile>
    <ClCompile Include="Rapier.cpp">
      <Filter>MainGame\Item\Items\Weapon\Melee</Filter>
    </ClCompile>
    <ClCompile Include="ShortSpear.cpp">
      <Filter>MainGame\Item\Items\Weapon\Melee</Filter>
    </ClCompile>
    <ClCompile Include="Gwendolyn.cpp">
      <Filter>MainGame\Item\Items\Weapon\Melee</Filter>
    </ClCompile>
    <ClCompile Include="GreatBow.cpp">
      <Filter>MainGame\Item\Items\Weapon\Range</Filter>
    </ClCompile>
    <ClCompile Include="BloodStoneRing.cpp">
      <Filter>MainGame\Item\Items\Accessory</Filter>
    </ClCompile>
    <ClCompile Include="MagnifyingGlass.cpp">
      <Filter>MainGame\Item\Items\Accessory</Filter>
    </ClCompile>
    <ClCompile Include="HungryFountain.cpp">
      <Filter>MainGame\Object\NPC\NPCs</Filter>
    </ClCompile>
    <ClCompile Include="StrawberryFountain.cpp">
      <Filter>MainGame\Object\NPC\NPCs</Filter>
    </ClCompile>
    <ClCompile Include="GoldenCandy.cpp">
      <Filter>MainGame\Item\Items\Accessory</Filter>
    </ClCompile>
    <ClCompile Include="LalaMagic.cpp">
      <Filter>MainGame\Item\Items\Weapon\Range</Filter>
    </ClCompile>
    <ClCompile Include="MetalBoomerang.cpp">
      <Filter>MainGame\Item\Items\Weapon\Range</Filter>
    </ClCompile>
    <ClCompile Include="LalaSkill.cpp">
      <Filter>MainGame\Item\Items\Skill</Filter>
    </ClCompile>
    <ClCompile Include="PrevDoor.cpp">
      <Filter>MainGame\Object\NPC\NPCs</Filter>
    </ClCompile>
    <ClCompile Include="MovePositioner.cpp">
      <Filter>MainGame\Object\Etc</Filter>
    </ClCompile>
    <ClCompile Include="RampageWpn.cpp">
      <Filter>MainGame\Item\Items\Weapon\Range</Filter>
    </ClCompile>
    <ClCompile Include="Canon.cpp">
      <Filter>MainGame\Item\Items\Weapon\Range</Filter>
    </ClCompile>
    <ClCompile Include="Rifle.cpp">
      <Filter>MainGame\Item\Items\Weapon\Range</Filter>
    </ClCompile>
    <ClCompile Include="PurpleBat.cpp">
      <Filter>MainGame\Object\Enemy</Filter>
    </ClCompile>
    <ClCompile Include="abyssBanshee.cpp">
      <Filter>MainGame\Object\Enemy</Filter>
    </ClCompile>
    <ClCompile Include="Boomerang.cpp">
      <Filter>MainGame\Item\Items\Weapon\Range</Filter>
    </ClCompile>
  </ItemGroup>
  <ItemGroup>
    <ClInclude Include="gameNode.h">
      <Filter>MainGame\GameNode</Filter>
    </ClInclude>
    <ClInclude Include="mainGame.h">
      <Filter>MainGame</Filter>
    </ClInclude>
    <ClInclude Include="stdafx.h">
      <Filter>MainGame</Filter>
    </ClInclude>
    <ClInclude Include="commonMacroFunction.h">
      <Filter>GameFramework\Util</Filter>
    </ClInclude>
    <ClInclude Include="random.h">
      <Filter>GameFramework\Util</Filter>
    </ClInclude>
    <ClInclude Include="image.h">
      <Filter>GameFramework\Image</Filter>
    </ClInclude>
    <ClInclude Include="imageManager.h">
      <Filter>GameFramework\Manager</Filter>
    </ClInclude>
    <ClInclude Include="util.h">
      <Filter>GameFramework\Util</Filter>
    </ClInclude>
    <ClInclude Include="sceneManager.h">
      <Filter>GameFramework\Manager</Filter>
    </ClInclude>
    <ClInclude Include="soundManager.h">
      <Filter>GameFramework\Manager</Filter>
    </ClInclude>
    <ClInclude Include="uibrushTool.h">
      <Filter>MainGame\MapTool</Filter>
    </ClInclude>
    <ClInclude Include="CSVManager.h">
      <Filter>GameFramework\Manager</Filter>
    </ClInclude>
    <ClInclude Include="MapTool.h">
      <Filter>MainGame\MapTool</Filter>
    </ClInclude>
    <ClInclude Include="Object.h">
      <Filter>MainGame\Object</Filter>
    </ClInclude>
    <ClInclude Include="Enemy.h">
      <Filter>MainGame\Object</Filter>
    </ClInclude>
    <ClInclude Include="Player.h">
      <Filter>MainGame\Object</Filter>
    </ClInclude>
    <ClInclude Include="MapObject.h">
      <Filter>MainGame\Object</Filter>
    </ClInclude>
    <ClInclude Include="UIFrame.h">
      <Filter>GameFramework\UI</Filter>
    </ClInclude>
    <ClInclude Include="UIImage.h">
      <Filter>GameFramework\UI\Component</Filter>
    </ClInclude>
    <ClInclude Include="UIScroll.h">
      <Filter>GameFramework\UI\Component</Filter>
    </ClInclude>
    <ClInclude Include="UIText.h">
      <Filter>GameFramework\UI\Component</Filter>
    </ClInclude>
    <ClInclude Include="progressBar.h">
      <Filter>GameFramework\Progressbar</Filter>
    </ClInclude>
    <ClInclude Include="UIManager.h">
      <Filter>GameFramework\Manager</Filter>
    </ClInclude>
    <ClInclude Include="CameraManager.h">
      <Filter>GameFramework\Manager</Filter>
    </ClInclude>
    <ClInclude Include="Obstacle.h">
      <Filter>MainGame\Object</Filter>
    </ClInclude>
    <ClInclude Include="DataManager.h">
      <Filter>GameFramework\Manager</Filter>
    </ClInclude>
    <ClInclude Include="loading.h">
      <Filter>GameFramework\Util</Filter>
    </ClInclude>
    <ClInclude Include="loadingScene.h">
      <Filter>MainGame\Scene\Scenes</Filter>
    </ClInclude>
    <ClInclude Include="startScene.h">
      <Filter>MainGame\Scene\Scenes</Filter>
    </ClInclude>
    <ClInclude Include="mapScene.h">
      <Filter>MainGame\Scene\Scenes</Filter>
    </ClInclude>
    <ClInclude Include="inputManager.h">
      <Filter>GameFramework\Manager</Filter>
    </ClInclude>
    <ClInclude Include="iniData.h">
      <Filter>GameFramework\Util</Filter>
    </ClInclude>
    <ClInclude Include="singletonBase.h">
      <Filter>GameFramework\Util</Filter>
    </ClInclude>
    <ClInclude Include="EntityManager.h">
      <Filter>GameFramework\Manager</Filter>
    </ClInclude>
    <ClInclude Include="Bullet.h">
      <Filter>MainGame\Object</Filter>
    </ClInclude>
    <ClInclude Include="RedBat.h">
      <Filter>MainGame\Object\Enemy</Filter>
    </ClInclude>
    <ClInclude Include="gameScene.h">
      <Filter>MainGame\Scene\Scenes</Filter>
    </ClInclude>
    <ClInclude Include="BigWhiteSkel.h">
      <Filter>MainGame\Object\Enemy</Filter>
    </ClInclude>
    <ClInclude Include="UIProgressBar.h">
      <Filter>GameFramework\UI\Component</Filter>
    </ClInclude>
    <ClInclude Include="Minotaurs.h">
      <Filter>MainGame\Object\Enemy</Filter>
    </ClInclude>
    <ClInclude Include="FieldMap.h">
      <Filter>MainGame\Etc</Filter>
    </ClInclude>
    <ClInclude Include="inventory.h">
      <Filter>MainGame\Etc</Filter>
    </ClInclude>
    <ClInclude Include="MapManager.h">
      <Filter>GameFramework\Manager</Filter>
    </ClInclude>
    <ClInclude Include="Door.h">
      <Filter>MainGame\Object\Etc</Filter>
    </ClInclude>
    <ClInclude Include="LittleGhost.h">
      <Filter>MainGame\Object\Enemy</Filter>
    </ClInclude>
    <ClInclude Include="Belial.h">
      <Filter>MainGame\Object\Enemy\Boss</Filter>
    </ClInclude>
    <ClInclude Include="MonsterSpawner.h">
      <Filter>MainGame\Object\Etc</Filter>
    </ClInclude>
    <ClInclude Include="EffectManager.h">
      <Filter>GameFramework\Manager</Filter>
    </ClInclude>
    <ClInclude Include="Effect.h">
      <Filter>GameFramework\Effect</Filter>
    </ClInclude>
    <ClInclude Include="Stage.h">
      <Filter>MainGame\Etc</Filter>
    </ClInclude>
    <ClInclude Include="ParticleManager.h">
      <Filter>GameFramework\Manager</Filter>
    </ClInclude>
    <ClInclude Include="particle.h">
      <Filter>GameFramework\Particle</Filter>
    </ClInclude>
    <ClInclude Include="particleGenerator.h">
      <Filter>GameFramework\Particle</Filter>
    </ClInclude>
    <ClInclude Include="ObjectPooler.h">
      <Filter>GameFramework\Util</Filter>
    </ClInclude>
    <ClInclude Include="Banshee.h">
      <Filter>MainGame\Object\Enemy</Filter>
    </ClInclude>
    <ClInclude Include="SkelDog.h">
      <Filter>MainGame\Object\Enemy</Filter>
    </ClInclude>
    <ClInclude Include="Item.h">
      <Filter>MainGame\Item</Filter>
    </ClInclude>
    <ClInclude Include="Skill.h">
      <Filter>MainGame\Item</Filter>
    </ClInclude>
    <ClInclude Include="objHeaderCollector.h">
      <Filter>GameFramework\Manager</Filter>
    </ClInclude>
    <ClInclude Include="DemonSword.h">
      <Filter>MainGame\Item\Items\Weapon\Melee</Filter>
    </ClInclude>
    <ClInclude Include="Lilith.h">
      <Filter>MainGame\Object\Enemy</Filter>
    </ClInclude>
    <ClInclude Include="PurpleGiantBat.h">
      <Filter>MainGame\Object\Enemy</Filter>
    </ClInclude>
    <ClInclude Include="RedGiantBat.h">
      <Filter>MainGame\Object\Enemy</Filter>
    </ClInclude>
    <ClInclude Include="BowSkel.h">
      <Filter>MainGame\Object\Enemy</Filter>
    </ClInclude>
    <ClInclude Include="SwordSkel.h">
      <Filter>MainGame\Object\Enemy</Filter>
    </ClInclude>
    <ClInclude Include="cameraText.h">
      <Filter>GameFramework\Effect</Filter>
    </ClInclude>
    <ClInclude Include="NPC.h">
      <Filter>MainGame\Object\NPC</Filter>
    </ClInclude>
    <ClInclude Include="Shop.h">
      <Filter>MainGame\Object\NPC\NPCs</Filter>
    </ClInclude>
    <ClInclude Include="Restaurant.h">
      <Filter>MainGame\Object\NPC\NPCs</Filter>
    </ClInclude>
    <ClInclude Include="townNPCimage.h">
      <Filter>MainGame\Object\NPC\NPCs</Filter>
    </ClInclude>
    <ClInclude Include="Portal.h">
      <Filter>MainGame\Object\NPC\NPCs</Filter>
    </ClInclude>
    <ClInclude Include="Treasure.h">
      <Filter>MainGame\Object\NPC\NPCs</Filter>
    </ClInclude>
    <ClInclude Include="Colt.h">
      <Filter>MainGame\Item\Items\Weapon\Range</Filter>
    </ClInclude>
    <ClInclude Include="WormVillage.h">
      <Filter>MainGame\Object\Etc</Filter>
    </ClInclude>
    <ClInclude Include="StageDoor.h">
      <Filter>MainGame\Object\NPC\NPCs</Filter>
    </ClInclude>
    <ClInclude Include="StageChanger.h">
      <Filter>MainGame\Etc</Filter>
    </ClInclude>
    <ClInclude Include="Box.h">
      <Filter>MainGame\Object\Etc</Filter>
    </ClInclude>
    <ClInclude Include="BoxParticle.h">
      <Filter>MainGame\Object\Etc\Drops</Filter>
    </ClInclude>
    <ClInclude Include="Coin.h">
      <Filter>MainGame\Object\Etc\Drops</Filter>
    </ClInclude>
    <ClInclude Include="DropItem.h">
      <Filter>MainGame\Object\Etc\Drops</Filter>
    </ClInclude>
    <ClInclude Include="DropObjs.h">
      <Filter>MainGame\Object\Etc</Filter>
    </ClInclude>
    <ClInclude Include="HpPixie.h">
      <Filter>MainGame\Object\Etc\Drops</Filter>
    </ClInclude>
    <ClInclude Include="resource.h" />
    <ClInclude Include="PixieSpawner.h">
      <Filter>MainGame\Object\Etc</Filter>
    </ClInclude>
    <ClInclude Include="TreasureSpawner.h">
      <Filter>MainGame\Object\Etc</Filter>
    </ClInclude>
    <ClInclude Include="IceBat.h">
      <Filter>MainGame\Object\Enemy</Filter>
    </ClInclude>
    <ClInclude Include="FireBat.h">
      <Filter>MainGame\Object\Enemy</Filter>
    </ClInclude>
    <ClInclude Include="BloodOfSrobeo.h">
      <Filter>MainGame\Item\Items\Accessory</Filter>
    </ClInclude>
    <ClInclude Include="BlessOfSage.h">
      <Filter>MainGame\Item\Items\Accessory</Filter>
    </ClInclude>
    <ClInclude Include="BelialDie.h">
      <Filter>MainGame\Object\Enemy\Boss</Filter>
    </ClInclude>
    <ClInclude Include="BasicShortSword.h">
      <Filter>MainGame\Item\Items\Weapon\Melee</Filter>
    </ClInclude>
    <ClInclude Include="Boutique.h">
      <Filter>MainGame\Object\NPC\NPCs</Filter>
    </ClInclude>
    <ClInclude Include="GunShop.h">
      <Filter>MainGame\Object\NPC\NPCs</Filter>
    </ClInclude>
    <ClInclude Include="Smith.h">
      <Filter>MainGame\Object\NPC\NPCs</Filter>
    </ClInclude>
    <ClInclude Include="Trainer.h">
      <Filter>MainGame\Object\NPC\NPCs</Filter>
    </ClInclude>
    <ClInclude Include="Gear.h">
      <Filter>MainGame\Object\Obstacle</Filter>
    </ClInclude>
    <ClInclude Include="Spike.h">
      <Filter>MainGame\Object\Obstacle</Filter>
    </ClInclude>
    <ClInclude Include="SaveLoadManager.h">
      <Filter>GameFramework\Manager</Filter>
    </ClInclude>
    <ClInclude Include="BombPouch.h">
      <Filter>MainGame\Item\Items\Accessory</Filter>
    </ClInclude>
    <ClInclude Include="BambooSword.h">
      <Filter>MainGame\Item\Items\Weapon\Melee</Filter>
    </ClInclude>
    <ClInclude Include="Katana.h">
      <Filter>MainGame\Item\Items\Weapon\Melee</Filter>
    </ClInclude>
    <ClInclude Include="Shamshir.h">
      <Filter>MainGame\Item\Items\Weapon\Melee</Filter>
    </ClInclude>
    <ClInclude Include="Saber.h">
      <Filter>MainGame\Item\Items\Weapon\Melee</Filter>
    </ClInclude>
    <ClInclude Include="Rapier.h">
      <Filter>MainGame\Item\Items\Weapon\Melee</Filter>
    </ClInclude>
    <ClInclude Include="ShortSpear.h">
      <Filter>MainGame\Item\Items\Weapon\Melee</Filter>
    </ClInclude>
    <ClInclude Include="Gwendolyn.h">
      <Filter>MainGame\Item\Items\Weapon\Melee</Filter>
    </ClInclude>
    <ClInclude Include="GreatBow.h">
      <Filter>MainGame\Item\Items\Weapon\Range</Filter>
    </ClInclude>
    <ClInclude Include="BloodStoneRing.h">
      <Filter>MainGame\Item\Items\Accessory</Filter>
    </ClInclude>
    <ClInclude Include="MagnifyingGlass.h">
      <Filter>MainGame\Item\Items\Accessory</Filter>
    </ClInclude>
    <ClInclude Include="HungryFountain.h">
      <Filter>MainGame\Object\NPC\NPCs</Filter>
    </ClInclude>
    <ClInclude Include="StrawberryFountain.h">
      <Filter>MainGame\Object\NPC\NPCs</Filter>
    </ClInclude>
    <ClInclude Include="GoldenCandy.h">
      <Filter>MainGame\Item\Items\Accessory</Filter>
    </ClInclude>
    <ClInclude Include="LalaMagic.h">
      <Filter>MainGame\Item\Items\Weapon\Range</Filter>
    </ClInclude>
    <ClInclude Include="MetalBoomerang.h">
      <Filter>MainGame\Item\Items\Weapon\Range</Filter>
    </ClInclude>
    <ClInclude Include="LalaSkill.h">
      <Filter>MainGame\Item\Items\Skill</Filter>
    </ClInclude>
    <ClInclude Include="PrevDoor.h">
      <Filter>MainGame\Object\NPC\NPCs</Filter>
    </ClInclude>
    <ClInclude Include="MovePositioner.h">
      <Filter>MainGame\Object\Etc</Filter>
    </ClInclude>
    <ClInclude Include="RampageWpn.h">
      <Filter>MainGame\Item\Items\Weapon\Range</Filter>
    </ClInclude>
    <ClInclude Include="Canon.h">
      <Filter>MainGame\Item\Items\Weapon\Range</Filter>
    </ClInclude>
    <ClInclude Include="Rifle.h">
      <Filter>MainGame\Item\Items\Weapon\Range</Filter>
    </ClInclude>
    <ClInclude Include="PurpleBat.h">
      <Filter>MainGame\Object\Enemy</Filter>
    </ClInclude>
    <ClInclude Include="abyssBanshee.h">
      <Filter>MainGame\Object\Enemy</Filter>
    </ClInclude>
    <ClInclude Include="Boomerang.h">
      <Filter>MainGame\Item\Items\Weapon\Range</Filter>
    </ClInclude>
  </ItemGroup>
</Project>